{
    "_meta": {
        "hash": {
            "sha256": "1986877de3b4af4179b08522febac6f3d30b37945d9f8a0d29127c29622e5c22"
        },
        "pipfile-spec": 6,
        "requires": {
            "python_full_version": "3.8.13"
        },
        "sources": [
            {
                "name": "pypi",
                "url": "https://pypi.org/simple",
                "verify_ssl": true
            }
        ]
    },
    "default": {
        "alembic": {
            "hashes": [
                "sha256:99bd884ca390466db5e27ffccff1d179ec5c05c965cfefc0607e69f9e411cb25",
                "sha256:b00892b53b3642d0b8dbedba234dbf1924b69be83a9a769d5a624b01094e304b"
            ],
            "markers": "python_version >= '3.8'",
            "version": "==1.14.0"
        },
        "appnope": {
            "hashes": [
                "sha256:1de3860566df9caf38f01f86f65e0e13e379af54f9e4bee1e66b48f2efffd1ee",
                "sha256:502575ee11cd7a28c0205f379b525beefebab9d161b7c964670864014ed7213c"
            ],
            "markers": "sys_platform == 'darwin'",
            "version": "==0.1.4"
        },
        "asttokens": {
            "hashes": [
                "sha256:0dcd8baa8d62b0c1d118b399b2ddba3c4aff271d0d7a9e0d4c1681c79035bbc7",
                "sha256:e3078351a059199dd5138cb1c706e6430c05eff2ff136af5eb4790f9d28932e2"
            ],
            "markers": "python_version >= '3.8'",
            "version": "==3.0.0"
        },
        "backcall": {
            "hashes": [
                "sha256:5cbdbf27be5e7cfadb448baf0aa95508f91f2bbc6c6437cd9cd06e2a4c215e1e",
                "sha256:fbbce6a29f263178a1f7915c1940bde0ec2b2a967566fe1c65c1dfb7422bd255"
            ],
            "version": "==0.2.0"
        },
        "bcrypt": {
            "hashes": [
                "sha256:041fa0155c9004eb98a232d54da05c0b41d4b8e66b6fc3cb71b4b3f6144ba837",
                "sha256:04e56e3fe8308a88b77e0afd20bec516f74aecf391cdd6e374f15cbed32783d6",
                "sha256:1340411a0894b7d3ef562fb233e4b6ed58add185228650942bdc885362f32c17",
                "sha256:533e7f3bcf2f07caee7ad98124fab7499cb3333ba2274f7a36cf1daee7409d99",
                "sha256:6765386e3ab87f569b276988742039baab087b2cdb01e809d74e74503c2faafe",
                "sha256:687cf30e6681eeda39548a93ce9bfbb300e48b4d445a43db4298d2474d2a1e54",
                "sha256:76132c176a6d9953cdc83c296aeaed65e1a708485fd55abf163e0d9f8f16ce0e",
                "sha256:76d3e352b32f4eeb34703370e370997065d28a561e4a18afe4fef07249cb4396",
                "sha256:807261df60a8b1ccd13e6599c779014a362ae4e795f5c59747f60208daddd96d",
                "sha256:89df2aea2c43be1e1fa066df5f86c8ce822ab70a30e4c210968669565c0f4685",
                "sha256:8ad2f4528cbf0febe80e5a3a57d7a74e6635e41af1ea5675282a33d769fba413",
                "sha256:8c458cd103e6c5d1d85cf600e546a639f234964d0228909d8f8dbeebff82d526",
                "sha256:8dbd0747208912b1e4ce730c6725cb56c07ac734b3629b60d4398f082ea718ad",
                "sha256:909faa1027900f2252a9ca5dfebd25fc0ef1417943824783d1c8418dd7d6df4a",
                "sha256:aaa2e285be097050dba798d537b6efd9b698aa88eef52ec98d23dcd6d7cf6fea",
                "sha256:adadd36274510a01f33e6dc08f5824b97c9580583bd4487c564fc4617b328005",
                "sha256:b1ee315739bc8387aa36ff127afc99120ee452924e0df517a8f3e4c0187a0f5f",
                "sha256:b588af02b89d9fad33e5f98f7838bf590d6d692df7153647724a7f20c186f6bf",
                "sha256:b7703ede632dc945ed1172d6f24e9f30f27b1b1a067f32f68bf169c5f08d0425",
                "sha256:c6f5fa3775966cca251848d4d5393ab016b3afed251163c1436fefdec3b02c84",
                "sha256:cde78d385d5e93ece5479a0a87f73cd6fa26b171c786a884f955e165032b262c",
                "sha256:cfdf3d7530c790432046c40cda41dfee8c83e29482e6a604f8930b9930e94139",
                "sha256:e158009a54c4c8bc91d5e0da80920d048f918c61a581f0a63e4e93bb556d362f",
                "sha256:e84e0e6f8e40a242b11bce56c313edc2be121cec3e0ec2d76fce01f6af33c07c",
                "sha256:f85b1ffa09240c89aa2e1ae9f3b1c687104f7b2b9d2098da4e923f1b7082d331"
            ],
            "markers": "python_version >= '3.7'",
            "version": "==4.2.1"
        },
        "click": {
            "hashes": [
                "sha256:63c132bbbed01578a06712a2d1f497bb62d9c1c0d329b7903a866228027263b2",
                "sha256:ed53c9d8990d83c2a27deae68e4ee337473f6330c040a31d4225c9574d16096a"
            ],
            "markers": "python_version >= '3.7'",
            "version": "==8.1.8"
        },
        "decorator": {
            "hashes": [
                "sha256:637996211036b6385ef91435e4fae22989472f9d571faba8927ba8253acbc330",
                "sha256:b8c3f85900b9dc423225913c5aace94729fe1fa9763b38939a95226f02d37186"
            ],
            "markers": "python_version >= '3.7'",
            "version": "==5.1.1"
        },
        "executing": {
            "hashes": [
                "sha256:8d63781349375b5ebccc3142f4b30350c0cd9c79f921cde38be2be4637e98eaf",
                "sha256:8ea27ddd260da8150fa5a708269c4a10e76161e2496ec3e587da9e3c0fe4b9ab"
            ],
            "markers": "python_version >= '3.8'",
            "version": "==2.1.0"
        },
        "faker": {
            "hashes": [
                "sha256:1c925fc0e86a51fc46648b504078c88d0cd48da1da2595c4e712841cab43a1e4",
                "sha256:d30c5f0e2796b8970de68978365247657486eb0311c5abe88d0b895b68dff05d"
            ],
            "index": "pypi",
            "markers": "python_version >= '3.8'",
            "version": "==33.1.0"
        },
        "flask": {
            "hashes": [
                "sha256:58107ed83443e86067e41eff4631b058178191a355886f8e479e347fa1285fdf",
                "sha256:edee9b0a7ff26621bd5a8c10ff484ae28737a2410d99b0bb9a6850c7fb977aa0"
            ],
            "index": "pypi",
            "markers": "python_version >= '3.7'",
            "version": "==2.2.5"
        },
        "flask-bcrypt": {
            "hashes": [
                "sha256:062fd991dc9118d05ac0583675507b9fe4670e44416c97e0e6819d03d01f808a",
                "sha256:f07b66b811417ea64eb188ae6455b0b708a793d966e1a80ceec4a23bc42a4369"
            ],
            "index": "pypi",
            "version": "==1.0.1"
        },
        "flask-cors": {
            "hashes": [
                "sha256:5aadb4b950c4e93745034594d9f3ea6591f734bb3662e16e255ffbf5e89c88ef",
                "sha256:b9e307d082a9261c100d8fb0ba909eec6a228ed1b60a8315fd85f783d61910bc"
            ],
            "index": "pypi",
            "version": "==5.0.0"
        },
        "flask-migrate": {
            "hashes": [
                "sha256:5c532be17e7b43a223b7500d620edae33795df27c75811ddf32560f7d48ec617",
                "sha256:dff7dd25113c210b069af280ea713b883f3840c1e3455274745d7355778c8622"
            ],
            "index": "pypi",
            "markers": "python_version >= '3.6'",
            "version": "==4.0.7"
        },
        "flask-sqlalchemy": {
            "hashes": [
                "sha256:2764335f3c9d7ebdc9ed6044afaf98aae9fa50d7a074cef55dde307ec95903ec",
                "sha256:add5750b2f9cd10512995261ee2aa23fab85bd5626061aa3c564b33bb4aa780a"
            ],
            "index": "pypi",
            "markers": "python_version >= '3.7'",
            "version": "==3.0.3"
        },
        "greenlet": {
            "hashes": [
                "sha256:0153404a4bb921f0ff1abeb5ce8a5131da56b953eda6e14b88dc6bbc04d2049e",
                "sha256:03a088b9de532cbfe2ba2034b2b85e82df37874681e8c470d6fb2f8c04d7e4b7",
                "sha256:04b013dc07c96f83134b1e99888e7a79979f1a247e2a9f59697fa14b5862ed01",
                "sha256:05175c27cb459dcfc05d026c4232f9de8913ed006d42713cb8a5137bd49375f1",
                "sha256:09fc016b73c94e98e29af67ab7b9a879c307c6731a2c9da0db5a7d9b7edd1159",
                "sha256:0bbae94a29c9e5c7e4a2b7f0aae5c17e8e90acbfd3bf6270eeba60c39fce3563",
                "sha256:0fde093fb93f35ca72a556cf72c92ea3ebfda3d79fc35bb19fbe685853869a83",
                "sha256:1443279c19fca463fc33e65ef2a935a5b09bb90f978beab37729e1c3c6c25fe9",
                "sha256:1776fd7f989fc6b8d8c8cb8da1f6b82c5814957264d1f6cf818d475ec2bf6395",
                "sha256:1d3755bcb2e02de341c55b4fca7a745a24a9e7212ac953f6b3a48d117d7257aa",
                "sha256:23f20bb60ae298d7d8656c6ec6db134bca379ecefadb0b19ce6f19d1f232a942",
                "sha256:275f72decf9932639c1c6dd1013a1bc266438eb32710016a1c742df5da6e60a1",
                "sha256:2846930c65b47d70b9d178e89c7e1a69c95c1f68ea5aa0a58646b7a96df12441",
                "sha256:3319aa75e0e0639bc15ff54ca327e8dc7a6fe404003496e3c6925cd3142e0e22",
                "sha256:346bed03fe47414091be4ad44786d1bd8bef0c3fcad6ed3dee074a032ab408a9",
                "sha256:36b89d13c49216cadb828db8dfa6ce86bbbc476a82d3a6c397f0efae0525bdd0",
                "sha256:37b9de5a96111fc15418819ab4c4432e4f3c2ede61e660b1e33971eba26ef9ba",
                "sha256:396979749bd95f018296af156201d6211240e7a23090f50a8d5d18c370084dc3",
                "sha256:3b2813dc3de8c1ee3f924e4d4227999285fd335d1bcc0d2be6dc3f1f6a318ec1",
                "sha256:411f015496fec93c1c8cd4e5238da364e1da7a124bcb293f085bf2860c32c6f6",
                "sha256:47da355d8687fd65240c364c90a31569a133b7b60de111c255ef5b606f2ae291",
                "sha256:48ca08c771c268a768087b408658e216133aecd835c0ded47ce955381105ba39",
                "sha256:4afe7ea89de619adc868e087b4d2359282058479d7cfb94970adf4b55284574d",
                "sha256:4ce3ac6cdb6adf7946475d7ef31777c26d94bccc377e070a7986bd2d5c515467",
                "sha256:4ead44c85f8ab905852d3de8d86f6f8baf77109f9da589cb4fa142bd3b57b475",
                "sha256:54558ea205654b50c438029505def3834e80f0869a70fb15b871c29b4575ddef",
                "sha256:5e06afd14cbaf9e00899fae69b24a32f2196c19de08fcb9f4779dd4f004e5e7c",
                "sha256:62ee94988d6b4722ce0028644418d93a52429e977d742ca2ccbe1c4f4a792511",
                "sha256:63e4844797b975b9af3a3fb8f7866ff08775f5426925e1e0bbcfe7932059a12c",
                "sha256:6510bf84a6b643dabba74d3049ead221257603a253d0a9873f55f6a59a65f822",
                "sha256:667a9706c970cb552ede35aee17339a18e8f2a87a51fba2ed39ceeeb1004798a",
                "sha256:6ef9ea3f137e5711f0dbe5f9263e8c009b7069d8a1acea822bd5e9dae0ae49c8",
                "sha256:7017b2be767b9d43cc31416aba48aab0d2309ee31b4dbf10a1d38fb7972bdf9d",
                "sha256:7124e16b4c55d417577c2077be379514321916d5790fa287c9ed6f23bd2ffd01",
                "sha256:73aaad12ac0ff500f62cebed98d8789198ea0e6f233421059fa68a5aa7220145",
                "sha256:77c386de38a60d1dfb8e55b8c1101d68c79dfdd25c7095d51fec2dd800892b80",
                "sha256:7876452af029456b3f3549b696bb36a06db7c90747740c5302f74a9e9fa14b13",
                "sha256:7939aa3ca7d2a1593596e7ac6d59391ff30281ef280d8632fa03d81f7c5f955e",
                "sha256:8320f64b777d00dd7ccdade271eaf0cad6636343293a25074cc5566160e4de7b",
                "sha256:85f3ff71e2e60bd4b4932a043fbbe0f499e263c628390b285cb599154a3b03b1",
                "sha256:8b8b36671f10ba80e159378df9c4f15c14098c4fd73a36b9ad715f057272fbef",
                "sha256:93147c513fac16385d1036b7e5b102c7fbbdb163d556b791f0f11eada7ba65dc",
                "sha256:935e943ec47c4afab8965954bf49bfa639c05d4ccf9ef6e924188f762145c0ff",
                "sha256:94b6150a85e1b33b40b1464a3f9988dcc5251d6ed06842abff82e42632fac120",
                "sha256:94ebba31df2aa506d7b14866fed00ac141a867e63143fe5bca82a8e503b36437",
                "sha256:95ffcf719966dd7c453f908e208e14cde192e09fde6c7186c8f1896ef778d8cd",
                "sha256:98884ecf2ffb7d7fe6bd517e8eb99d31ff7855a840fa6d0d63cd07c037f6a981",
                "sha256:99cfaa2110534e2cf3ba31a7abcac9d328d1d9f1b95beede58294a60348fba36",
                "sha256:9e8f8c9cb53cdac7ba9793c276acd90168f416b9ce36799b9b885790f8ad6c0a",
                "sha256:a0dfc6c143b519113354e780a50381508139b07d2177cb6ad6a08278ec655798",
                "sha256:b2795058c23988728eec1f36a4e5e4ebad22f8320c85f3587b539b9ac84128d7",
                "sha256:b42703b1cf69f2aa1df7d1030b9d77d3e584a70755674d60e710f0af570f3761",
                "sha256:b7cede291382a78f7bb5f04a529cb18e068dd29e0fb27376074b6d0317bf4dd0",
                "sha256:b8a678974d1f3aa55f6cc34dc480169d58f2e6d8958895d68845fa4ab566509e",
                "sha256:b8da394b34370874b4572676f36acabac172602abf054cbc4ac910219f3340af",
                "sha256:c3a701fe5a9695b238503ce5bbe8218e03c3bcccf7e204e455e7462d770268aa",
                "sha256:c4aab7f6381f38a4b42f269057aee279ab0fc7bf2e929e3d4abfae97b682a12c",
                "sha256:ca9d0ff5ad43e785350894d97e13633a66e2b50000e8a183a50a88d834752d42",
                "sha256:d0028e725ee18175c6e422797c407874da24381ce0690d6b9396c204c7f7276e",
                "sha256:d21e10da6ec19b457b82636209cbe2331ff4306b54d06fa04b7c138ba18c8a81",
                "sha256:d5e975ca70269d66d17dd995dafc06f1b06e8cb1ec1e9ed54c1d1e4a7c4cf26e",
                "sha256:da7a9bff22ce038e19bf62c4dd1ec8391062878710ded0a845bcf47cc0200617",
                "sha256:db32b5348615a04b82240cc67983cb315309e88d444a288934ee6ceaebcad6cc",
                "sha256:dcc62f31eae24de7f8dce72134c8651c58000d3b1868e01392baea7c32c247de",
                "sha256:dfc59d69fc48664bc693842bd57acfdd490acafda1ab52c7836e3fc75c90a111",
                "sha256:e347b3bfcf985a05e8c0b7d462ba6f15b1ee1c909e2dcad795e49e91b152c383",
                "sha256:e4d333e558953648ca09d64f13e6d8f0523fa705f51cae3f03b5983489958c70",
                "sha256:ed10eac5830befbdd0c32f83e8aa6288361597550ba669b04c48f0f9a2c843c6",
                "sha256:efc0f674aa41b92da8c49e0346318c6075d734994c3c4e4430b1c3f853e498e4",
                "sha256:f1695e76146579f8c06c1509c7ce4dfe0706f49c6831a817ac04eebb2fd02011",
                "sha256:f1d4aeb8891338e60d1ab6127af1fe45def5259def8094b9c7e34690c8858803",
                "sha256:f406b22b7c9a9b4f8aa9d2ab13d6ae0ac3e85c9a809bd590ad53fed2bf70dc79",
                "sha256:f6ff3b14f2df4c41660a7dec01045a045653998784bf8cfcb5a525bdffffbc8f"
            ],
            "markers": "python_version >= '3' and platform_machine == 'aarch64' or (platform_machine == 'ppc64le' or (platform_machine == 'x86_64' or (platform_machine == 'amd64' or (platform_machine == 'AMD64' or (platform_machine == 'win32' or platform_machine == 'WIN32')))))",
            "version": "==3.1.1"
        },
        "importlib-metadata": {
            "hashes": [
                "sha256:7efb448ec9a5e313a57655d35aa54cd3e01b7e1fbcf72dce1bf06119420f5bad",
                "sha256:e354bedeb60efa6affdcc8ae121b73544a7aa74156d047311948f6d711cd378d"
            ],
            "index": "pypi",
            "markers": "python_version >= '3.7'",
            "version": "==6.0.0"
        },
        "importlib-resources": {
            "hashes": [
                "sha256:c01b1b94210d9849f286b86bb51bcea7cd56dde0600d8db721d7b81330711668",
                "sha256:ee17ec648f85480d523596ce49eae8ead87d5631ae1551f913c0100b5edd3437"
            ],
            "index": "pypi",
            "markers": "python_version >= '3.7'",
            "version": "==5.10.0"
        },
        "ipdb": {
            "hashes": [
                "sha256:951bd9a64731c444fd907a5ce268543020086a697f6be08f7cc2c9a752a278c5"
            ],
            "index": "pypi",
            "markers": "python_version >= '2.7'",
            "version": "==0.13.9"
        },
        "ipython": {
            "hashes": [
                "sha256:3910c4b54543c2ad73d06579aa771041b7d5707b033bd488669b4cf544e3b363",
                "sha256:b0340d46a933d27c657b211a329d0be23793c36595acf9e6ef4164bc01a1804c"
            ],
            "markers": "python_version >= '3.7'",
            "version": "==8.12.3"
        },
        "itsdangerous": {
            "hashes": [
                "sha256:c6242fc49e35958c8b15141343aa660db5fc54d4f13a1db01a3f5891b98700ef",
                "sha256:e0050c0b7da1eea53ffaf149c0cfbb5c6e2e2b69c4bef22c81fa6eb73e5f6173"
            ],
            "markers": "python_version >= '3.8'",
            "version": "==2.2.0"
        },
        "jedi": {
            "hashes": [
                "sha256:4770dc3de41bde3966b02eb84fbcf557fb33cce26ad23da12c742fb50ecb11f0",
                "sha256:a8ef22bde8490f57fe5c7681a3c83cb58874daf72b4784de3cce5b6ef6edb5b9"
            ],
            "markers": "python_version >= '3.6'",
            "version": "==0.19.2"
        },
        "jinja2": {
            "hashes": [
                "sha256:8fefff8dc3034e27bb80d67c671eb8a9bc424c0ef4c0826edbff304cceff43bb",
                "sha256:aba0f4dc9ed8013c424088f68a5c226f7d6097ed89b246d7749c2ec4175c6adb"
            ],
            "markers": "python_version >= '3.7'",
            "version": "==3.1.5"
        },
        "mako": {
            "hashes": [
                "sha256:42f48953c7eb91332040ff567eb7eea69b22e7a4affbc5ba8e845e8f730f6627",
                "sha256:577b97e414580d3e088d47c2dbbe9594aa7a5146ed2875d4dfa9075af2dd3cc8"
            ],
            "markers": "python_version >= '3.8'",
            "version": "==1.3.8"
        },
        "markupsafe": {
            "hashes": [
                "sha256:00e046b6dd71aa03a41079792f8473dc494d564611a8f89bbbd7cb93295ebdcf",
                "sha256:075202fa5b72c86ad32dc7d0b56024ebdbcf2048c0ba09f1cde31bfdd57bcfff",
                "sha256:0e397ac966fdf721b2c528cf028494e86172b4feba51d65f81ffd65c63798f3f",
                "sha256:17b950fccb810b3293638215058e432159d2b71005c74371d784862b7e4683f3",
                "sha256:1f3fbcb7ef1f16e48246f704ab79d79da8a46891e2da03f8783a5b6fa41a9532",
                "sha256:2174c595a0d73a3080ca3257b40096db99799265e1c27cc5a610743acd86d62f",
                "sha256:2b7c57a4dfc4f16f7142221afe5ba4e093e09e728ca65c51f5620c9aaeb9a617",
                "sha256:2d2d793e36e230fd32babe143b04cec8a8b3eb8a3122d2aceb4a371e6b09b8df",
                "sha256:30b600cf0a7ac9234b2638fbc0fb6158ba5bdcdf46aeb631ead21248b9affbc4",
                "sha256:397081c1a0bfb5124355710fe79478cdbeb39626492b15d399526ae53422b906",
                "sha256:3a57fdd7ce31c7ff06cdfbf31dafa96cc533c21e443d57f5b1ecc6cdc668ec7f",
                "sha256:3c6b973f22eb18a789b1460b4b91bf04ae3f0c4234a0a6aa6b0a92f6f7b951d4",
                "sha256:3e53af139f8579a6d5f7b76549125f0d94d7e630761a2111bc431fd820e163b8",
                "sha256:4096e9de5c6fdf43fb4f04c26fb114f61ef0bf2e5604b6ee3019d51b69e8c371",
                "sha256:4275d846e41ecefa46e2015117a9f491e57a71ddd59bbead77e904dc02b1bed2",
                "sha256:4c31f53cdae6ecfa91a77820e8b151dba54ab528ba65dfd235c80b086d68a465",
                "sha256:4f11aa001c540f62c6166c7726f71f7573b52c68c31f014c25cc7901deea0b52",
                "sha256:5049256f536511ee3f7e1b3f87d1d1209d327e818e6ae1365e8653d7e3abb6a6",
                "sha256:58c98fee265677f63a4385256a6d7683ab1832f3ddd1e66fe948d5880c21a169",
                "sha256:598e3276b64aff0e7b3451b72e94fa3c238d452e7ddcd893c3ab324717456bad",
                "sha256:5b7b716f97b52c5a14bffdf688f971b2d5ef4029127f1ad7a513973cfd818df2",
                "sha256:5dedb4db619ba5a2787a94d877bc8ffc0566f92a01c0ef214865e54ecc9ee5e0",
                "sha256:619bc166c4f2de5caa5a633b8b7326fbe98e0ccbfacabd87268a2b15ff73a029",
                "sha256:629ddd2ca402ae6dbedfceeba9c46d5f7b2a61d9749597d4307f943ef198fc1f",
                "sha256:656f7526c69fac7f600bd1f400991cc282b417d17539a1b228617081106feb4a",
                "sha256:6ec585f69cec0aa07d945b20805be741395e28ac1627333b1c5b0105962ffced",
                "sha256:72b6be590cc35924b02c78ef34b467da4ba07e4e0f0454a2c5907f473fc50ce5",
                "sha256:7502934a33b54030eaf1194c21c692a534196063db72176b0c4028e140f8f32c",
                "sha256:7a68b554d356a91cce1236aa7682dc01df0edba8d043fd1ce607c49dd3c1edcf",
                "sha256:7b2e5a267c855eea6b4283940daa6e88a285f5f2a67f2220203786dfa59b37e9",
                "sha256:823b65d8706e32ad2df51ed89496147a42a2a6e01c13cfb6ffb8b1e92bc910bb",
                "sha256:8590b4ae07a35970728874632fed7bd57b26b0102df2d2b233b6d9d82f6c62ad",
                "sha256:8dd717634f5a044f860435c1d8c16a270ddf0ef8588d4887037c5028b859b0c3",
                "sha256:8dec4936e9c3100156f8a2dc89c4b88d5c435175ff03413b443469c7c8c5f4d1",
                "sha256:97cafb1f3cbcd3fd2b6fbfb99ae11cdb14deea0736fc2b0952ee177f2b813a46",
                "sha256:a17a92de5231666cfbe003f0e4b9b3a7ae3afb1ec2845aadc2bacc93ff85febc",
                "sha256:a549b9c31bec33820e885335b451286e2969a2d9e24879f83fe904a5ce59d70a",
                "sha256:ac07bad82163452a6884fe8fa0963fb98c2346ba78d779ec06bd7a6262132aee",
                "sha256:ae2ad8ae6ebee9d2d94b17fb62763125f3f374c25618198f40cbb8b525411900",
                "sha256:b91c037585eba9095565a3556f611e3cbfaa42ca1e865f7b8015fe5c7336d5a5",
                "sha256:bc1667f8b83f48511b94671e0e441401371dfd0f0a795c7daa4a3cd1dde55bea",
                "sha256:bec0a414d016ac1a18862a519e54b2fd0fc8bbfd6890376898a6c0891dd82e9f",
                "sha256:bf50cd79a75d181c9181df03572cdce0fbb75cc353bc350712073108cba98de5",
                "sha256:bff1b4290a66b490a2f4719358c0cdcd9bafb6b8f061e45c7a2460866bf50c2e",
                "sha256:c061bb86a71b42465156a3ee7bd58c8c2ceacdbeb95d05a99893e08b8467359a",
                "sha256:c8b29db45f8fe46ad280a7294f5c3ec36dbac9491f2d1c17345be8e69cc5928f",
                "sha256:ce409136744f6521e39fd8e2a24c53fa18ad67aa5bc7c2cf83645cce5b5c4e50",
                "sha256:d050b3361367a06d752db6ead6e7edeb0009be66bc3bae0ee9d97fb326badc2a",
                "sha256:d283d37a890ba4c1ae73ffadf8046435c76e7bc2247bbb63c00bd1a709c6544b",
                "sha256:d9fad5155d72433c921b782e58892377c44bd6252b5af2f67f16b194987338a4",
                "sha256:daa4ee5a243f0f20d528d939d06670a298dd39b1ad5f8a72a4275124a7819eff",
                "sha256:db0b55e0f3cc0be60c1f19efdde9a637c32740486004f20d1cff53c3c0ece4d2",
                "sha256:e61659ba32cf2cf1481e575d0462554625196a1f2fc06a1c777d3f48e8865d46",
                "sha256:ea3d8a3d18833cf4304cd2fc9cbb1efe188ca9b5efef2bdac7adc20594a0e46b",
                "sha256:ec6a563cff360b50eed26f13adc43e61bc0c04d94b8be985e6fb24b81f6dcfdf",
                "sha256:f5dfb42c4604dddc8e4305050aa6deb084540643ed5804d7455b5df8fe16f5e5",
                "sha256:fa173ec60341d6bb97a89f5ea19c85c5643c1e7dedebc22f5181eb73573142c5",
                "sha256:fa9db3f79de01457b03d4f01b34cf91bc0048eb2c3846ff26f66687c2f6d16ab",
                "sha256:fce659a462a1be54d2ffcacea5e3ba2d74daa74f30f5f143fe0c58636e355fdd",
                "sha256:ffee1f21e5ef0d712f9033568f8344d5da8cc2869dbd08d87c84656e6a2d2f68"
            ],
            "markers": "python_version >= '3.7'",
            "version": "==2.1.5"
        },
        "matplotlib-inline": {
            "hashes": [
                "sha256:8423b23ec666be3d16e16b60bdd8ac4e86e840ebd1dd11a30b9f117f2fa0ab90",
                "sha256:df192d39a4ff8f21b1895d72e6a13f5fcc5099f00fa84384e0ea28c2cc0653ca"
            ],
            "markers": "python_version >= '3.8'",
            "version": "==0.1.7"
        },
        "parso": {
            "hashes": [
                "sha256:a418670a20291dacd2dddc80c377c5c3791378ee1e8d12bffc35420643d43f18",
                "sha256:eb3a7b58240fb99099a345571deecc0f9540ea5f4dd2fe14c2a99d6b281ab92d"
            ],
            "markers": "python_version >= '3.6'",
            "version": "==0.8.4"
        },
        "pexpect": {
            "hashes": [
                "sha256:7236d1e080e4936be2dc3e326cec0af72acf9212a7e1d060210e70a47e253523",
                "sha256:ee7d41123f3c9911050ea2c2dac107568dc43b2d3b0c7557a33212c398ead30f"
            ],
            "markers": "sys_platform != 'win32'",
            "version": "==4.9.0"
        },
        "pickleshare": {
            "hashes": [
                "sha256:87683d47965c1da65cdacaf31c8441d12b8044cdec9aca500cd78fc2c683afca",
                "sha256:9649af414d74d4df115d5d718f82acb59c9d418196b7b4290ed47a12ce62df56"
            ],
            "version": "==0.7.5"
        },
        "prompt-toolkit": {
            "hashes": [
                "sha256:d6623ab0477a80df74e646bdbc93621143f5caf104206aa29294d53de1a03d90",
                "sha256:f49a827f90062e411f1ce1f854f2aedb3c23353244f8108b89283587397ac10e"
            ],
            "markers": "python_full_version >= '3.7.0'",
            "version": "==3.0.48"
        },
        "ptyprocess": {
            "hashes": [
                "sha256:4b41f3967fce3af57cc7e94b888626c18bf37a083e3651ca8feeb66d492fef35",
                "sha256:5c5d0a3b48ceee0b48485e0c26037c0acd7d29765ca3fbb5cb3831d347423220"
            ],
            "version": "==0.7.0"
        },
        "pure-eval": {
            "hashes": [
                "sha256:1db8e35b67b3d218d818ae653e27f06c3aa420901fa7b081ca98cbedc874e0d0",
                "sha256:5f4e983f40564c576c7c8635ae88db5956bb2229d7e9237d03b3c0b0190eaf42"
            ],
            "version": "==0.2.3"
        },
        "pygments": {
            "hashes": [
                "sha256:786ff802f32e91311bff3889f6e9a86e81505fe99f2735bb6d60ae0c5004f199",
                "sha256:b8e6aca0523f3ab76fee51799c488e38782ac06eafcf95e7ba832985c8e7b13a"
            ],
            "markers": "python_version >= '3.8'",
            "version": "==2.18.0"
        },
        "python-dateutil": {
            "hashes": [
                "sha256:37dd54208da7e1cd875388217d5e00ebd4179249f90fb72437e91a35459a0ad3",
                "sha256:a8b2bc7bffae282281c8140a97d3aa9c14da0b136dfe83f850eea9a5f7470427"
            ],
            "markers": "python_version >= '2.7' and python_version not in '3.0, 3.1, 3.2, 3.3'",
            "version": "==2.9.0.post0"
        },
        "python-dotenv": {
            "hashes": [
                "sha256:e324ee90a023d808f1959c46bcbc04446a10ced277783dc6ee09987c37ec10ca",
                "sha256:f7b63ef50f1b690dddf550d03497b66d609393b40b564ed0d674909a68ebf16a"
            ],
            "index": "pypi",
            "markers": "python_version >= '3.8'",
            "version": "==1.0.1"
        },
        "setuptools": {
            "hashes": [
                "sha256:f2504966861356aa38616760c0f66568e535562374995367b4e69c7143cf6bcd",
                "sha256:fba5dd4d766e97be1b1681d98712680ae8f2f26d7881245f2ce9e40714f1a686"
            ],
            "markers": "python_version >= '3.8'",
            "version": "==75.3.0"
        },
        "shell": {
            "hashes": [
                "sha256:64e3347d1dd2c8f3c3f3df5e6ebe9084d768ae20985aef6793854b9f47d4045a",
                "sha256:6fbaa88f85de228ddecef33cb1e9037f4959f6f76942b01769e4139a038f6513"
            ],
            "index": "pypi",
            "version": "==1.0.1"
        },
        "six": {
            "hashes": [
                "sha256:4721f391ed90541fddacab5acf947aa0d3dc7d27b2e1e8eda2be8970586c3274",
                "sha256:ff70335d468e7eb6ec65b95b99d3a2836546063f63acc5171de367e834932a81"
            ],
            "markers": "python_version >= '2.7' and python_version not in '3.0, 3.1, 3.2, 3.3'",
            "version": "==1.17.0"
        },
        "sqlalchemy": {
            "hashes": [
                "sha256:03db81b89fe7ef3857b4a00b63dedd632d6183d4ea5a31c5d8a92e000a41fc71",
                "sha256:06ff25cbae30c396c4b7737464f2a7fc37a67b7da409993b182b024cec80aed9",
                "sha256:0e8e608983e6f85d0852ca61f97e521b62e67969e6e640fe6c6b575d4db68557",
                "sha256:171e04eeb5d1c0d96a544caf982621a1711d078dbc5c96f11d6469169bd003f1",
                "sha256:1c890421651b45a681181301b3497e4d57c0d01dc001e10438a40e9a9c25ee77",
                "sha256:201de072b818f8ad55c80d18d1a788729cccf9be6d9dc3b9d8613b053cd4836d",
                "sha256:24e300c0c2147484a002b175f4e1361f102e82c345bf263242f0449672a4bccf",
                "sha256:2e126cf98b7fd38f1e33c64484406b78e937b1a280e078ef558b95bf5b6895f6",
                "sha256:36e58f8c4fe43984384e3fbe6341ac99b6b4e083de2fe838f0fdb91cebe9e9cb",
                "sha256:37ce517c011560d68f1ffb28af65d7e06f873f191eb3a73af5671e9c3fada08a",
                "sha256:393cd06c3b00b57f5421e2133e088df9cabcececcea180327e43b937b5a7caa5",
                "sha256:45806315aae81a0c202752558f0df52b42d11dd7ba0097bf71e253b4215f34f4",
                "sha256:4afbbf5ef41ac18e02c8dc1f86c04b22b7a2125f2a030e25bbb4aff31abb224b",
                "sha256:5debe7d49b8acf1f3035317e63d9ec8d5e4d904c6e75a2a9246a119f5f2fdf3d",
                "sha256:5fb1ebdfc8373b5a291485757bd6431de8d7ed42c27439f543c81f6c8febd729",
                "sha256:647e0b309cb4512b1f1b78471fdaf72921b6fa6e750b9f891e09c6e2f0e5326f",
                "sha256:66da9627cfcc43bbdebd47bfe0145bb662041472393c03b7802253993b6b7c90",
                "sha256:706bfa02157b97c136547c406f263e4c6274a7b061b3eb9742915dd774bbc264",
                "sha256:738d7321212941ab19ba2acf02a68b8ee64987b248ffa2101630e8fccb549e0d",
                "sha256:7653ed6817c710d0c95558232aba799307d14ae084cc9b1f4c389157ec50df5c",
                "sha256:7cf8b90ad84ad3a45098b1c9f56f2b161601e4670827d6b892ea0e884569bd1d",
                "sha256:82b08e82da3756765c2e75f327b9bf6b0f043c9c3925fb95fb51e1567fa4ee87",
                "sha256:8396e896e08e37032e87e7fbf4a15f431aa878c286dc7f79e616c2feacdb366c",
                "sha256:8923dfdf24d5aa8a3adb59723f54118dd4fe62cf59ed0d0d65d940579c1170a4",
                "sha256:95ab792ca493891d7a45a077e35b418f68435efb3e1706cb8155e20e86a9013c",
                "sha256:95b9df9afd680b7a3b13b38adf6e3a38995da5e162cc7524ef08e3be4e5ed3e1",
                "sha256:9a06e046ffeb8a484279e54bda0a5abfd9675f594a2e38ef3133d7e4d75b6214",
                "sha256:9c21b172dfb22e0db303ff6419451f0cac891d2e911bb9fbf8003d717f1bcf91",
                "sha256:a1878ce508edea4a879015ab5215546c444233881301e97ca16fe251e89f1c55",
                "sha256:a63e43bf3f668c11bb0444ce6e809c1227b8f067ca1068898f3008a273f52b09",
                "sha256:a7f7b5c07ae5c0cfd24c2db86071fb2a3d947da7bd487e359cc91e67ac1c6d2e",
                "sha256:a843e34abfd4c797018fd8d00ffffa99fd5184c421f190b6ca99def4087689bd",
                "sha256:a9ab2c507a7a439f13ca4499db6d3f50423d1d65dc9b5ed897e70941d9e135b0",
                "sha256:ab73ed1a05ff539afc4a7f8cf371764cdf79768ecb7d2ec691e3ff89abbc541e",
                "sha256:b31e67ff419013f99ad6f8fc73ee19ea31585e1e9fe773744c0f3ce58c039c30",
                "sha256:b6d0c4b15d65087738a6e22e0ff461b407533ff65a73b818089efc8eb2b3e1de",
                "sha256:bbdf16372859b8ed3f4d05f925a984771cd2abd18bd187042f24be4886c2a15f",
                "sha256:c14b29d9e1529f99efd550cd04dbb6db6ba5d690abb96d52de2bff4ed518bc95",
                "sha256:c40f3470e084d31247aea228aa1c39bbc0904c2b9ccbf5d3cfa2ea2dac06f26d",
                "sha256:ca46de16650d143a928d10842939dab208e8d8c3a9a8757600cae9b7c579c5cd",
                "sha256:ccf956da45290df6e809ea12c54c02ace7f8ff4d765d6d3dfb3655ee876ce58d",
                "sha256:d26f280b8f0a8f497bc10573849ad6dc62e671d2468826e5c748d04ed9e670d5",
                "sha256:ebc22807a7e161c0d8f3da34018ab7c97ef6223578fcdd99b1d3e7ed1100a5db",
                "sha256:ec2268de67f73b43320383947e74700e95c6770d0c68c4e615e9897e46296294",
                "sha256:f167c8175ab908ce48bd6550679cc6ea20ae169379e73c7720a28f89e53aa532",
                "sha256:f23755c384c2969ca2f7667a83f7c5648fcf8b62a3f2bbd883d805454964a800",
                "sha256:f835c050ebaa4e48b18403bed2c0fda986525896efd76c245bdd4db995e51a4c",
                "sha256:f8a65990c9c490f4651b5c02abccc9f113a7f56fa482031ac8cb88b70bc8ccaa"
            ],
            "index": "pypi",
            "markers": "python_version >= '2.7' and python_version not in '3.0, 3.1, 3.2, 3.3, 3.4, 3.5'",
            "version": "==1.4.49"
        },
        "sqlalchemy-serializer": {
            "hashes": [
                "sha256:5e1f83fc6d8a4f7618100c1b9a6af949498210756b974527ec3c8c1ec7e1300f"
            ],
            "index": "pypi",
            "version": "==1.4.12"
        },
        "stack-data": {
            "hashes": [
                "sha256:836a778de4fec4dcd1dcd89ed8abff8a221f58308462e1c4aa2a3cf30148f0b9",
                "sha256:d5558e0c25a4cb0853cddad3d77da9891a08cb85dd9f9f91b9f8cd66e511e695"
            ],
            "version": "==0.6.3"
        },
        "toml": {
            "hashes": [
                "sha256:806143ae5bfb6a3c6e736a764057db0e6a0e05e338b5630894a5f779cabb4f9b",
                "sha256:b3bda1d108d5dd99f4a20d24d9c348e91c4db7ab1b749200bded2f839ccbe68f"
            ],
            "markers": "python_version >= '3.7'",
            "version": "==0.10.2"
        },
        "traitlets": {
            "hashes": [
                "sha256:9ed0579d3502c94b4b3732ac120375cda96f923114522847de4b3bb98b96b6b7",
                "sha256:b74e89e397b1ed28cc831db7aea759ba6640cb3de13090ca145426688ff1ac4f"
            ],
            "markers": "python_version >= '3.8'",
            "version": "==5.14.3"
        },
        "typing-extensions": {
            "hashes": [
                "sha256:04e5ca0351e0f3f85c6853954072df659d0d13fac324d0072316b67d7794700d",
                "sha256:1a7ead55c7e559dd4dee8856e3a88b41225abfe1ce8df57b7c13915fe121ffb8"
            ],
            "markers": "python_version >= '3.8'",
            "version": "==4.12.2"
        },
        "wcwidth": {
            "hashes": [
                "sha256:3da69048e4540d84af32131829ff948f1e022c1c6bdb8d6102117aac784f6859",
                "sha256:72ea0c06399eb286d978fdedb6923a9eb47e1c486ce63e9b4e64fc18303972b5"
            ],
            "version": "==0.2.13"
        },
        "werkzeug": {
            "hashes": [
                "sha256:7ea2d48322cc7c0f8b3a215ed73eabd7b5d75d0b50e31ab006286ccff9e00b8f",
                "sha256:f979ab81f58d7318e064e99c4506445d60135ac5cd2e177a2de0089bfd4c9bd5"
            ],
            "index": "pypi",
            "markers": "python_version >= '3.7'",
            "version": "==2.2.2"
        },
        "zipp": {
            "hashes": [
                "sha256:a817ac80d6cf4b23bf7f2828b7cabf326f15a001bea8b1f9b49631780ba28350",
                "sha256:bc9eb26f4506fda01b81bcde0ca78103b6e62f991b381fec825435c836edbc29"
            ],
            "markers": "python_version >= '3.8'",
            "version": "==3.20.2"
        }
    },
    "develop": {}
}
